// !$*UTF8*$!
{
	archiveVersion = 1;
	classes = {
	};
	objectVersion = 77;
	objects = {

/* Begin PBXContainerItemProxy section */
		C6C91BA42DDF596F003ACE1C /* PBXContainerItemProxy */ = {
			isa = PBXContainerItemProxy;
			containerPortal = C6C91B852DDF5968003ACE1C /* Project object */;
			proxyType = 1;
			remoteGlobalIDString = C6C91B8C2DDF5968003ACE1C;
			remoteInfo = JetGas;
		};
		C6C91BAE2DDF596F003ACE1C /* PBXContainerItemProxy */ = {
			isa = PBXContainerItemProxy;
			containerPortal = C6C91B852DDF5968003ACE1C /* Project object */;
			proxyType = 1;
			remoteGlobalIDString = C6C91B8C2DDF5968003ACE1C;
			remoteInfo = JetGas;
		};
/* End PBXContainerItemProxy section */

/* Begin PBXFileReference section */
		C6C91B8D2DDF5968003ACE1C /* JetGas.app */ = {isa = PBXFileReference; explicitFileType = wrapper.application; includeInIndex = 0; path = JetGas.app; sourceTree = BUILT_PRODUCTS_DIR; };
		C6C91BA32DDF596F003ACE1C /* JetGasTests.xctest */ = {isa = PBXFileReference; explicitFileType = wrapper.cfbundle; includeInIndex = 0; path = JetGasTests.xctest; sourceTree = BUILT_PRODUCTS_DIR; };
		C6C91BAD2DDF596F003ACE1C /* JetGasUITests.xctest */ = {isa = PBXFileReference; explicitFileType = wrapper.cfbundle; includeInIndex = 0; path = JetGasUITests.xctest; sourceTree = BUILT_PRODUCTS_DIR; };
/* End PBXFileReference section */

/* Begin PBXFileSystemSynchronizedBuildFileExceptionSet section */
		C6C91BB52DDF596F003ACE1C /* Exceptions for "JetGas" folder in "JetGas" target */ = {
			isa = PBXFileSystemSynchronizedBuildFileExceptionSet;
			membershipExceptions = (
				Info.plist,
			);
			target = C6C91B8C2DDF5968003ACE1C /* JetGas */;
		};
/* End PBXFileSystemSynchronizedBuildFileExceptionSet section */

/* Begin PBXFileSystemSynchronizedRootGroup section */
		C6C91B8F2DDF5968003ACE1C /* JetGas */ = {
			isa = PBXFileSystemSynchronizedRootGroup;
			exceptions = (
				C6C91BB52DDF596F003ACE1C /* Exceptions for "JetGas" folder in "JetGas" target */,
			);
			path = JetGas;
			sourceTree = "<group>";
		};
		C6C91BA62DDF596F003ACE1C /* JetGasTests */ = {
			isa = PBXFileSystemSynchronizedRootGroup;
			path = JetGasTests;
			sourceTree = "<group>";
		};
		C6C91BB02DDF596F003ACE1C /* JetGasUITests */ = {
			isa = PBXFileSystemSynchronizedRootGroup;
			path = JetGasUITests;
			sourceTree = "<group>";
		};
/* End PBXFileSystemSynchronizedRootGroup section */

/* Begin PBXFrameworksBuildPhase section */
		C6C91B8A2DDF5968003ACE1C /* Frameworks */ = {
			isa = PBXFrameworksBuildPhase;
			buildActionMask = 2147483647;
			files = (
			);
			runOnlyForDeploymentPostprocessing = 0;
		};
		C6C91BA02DDF596F003ACE1C /* Frameworks */ = {
			isa = PBXFrameworksBuildPhase;
			buildActionMask = 2147483647;
			files = (
			);
			runOnlyForDeploymentPostprocessing = 0;
		};
		C6C91BAA2DDF596F003ACE1C /* Frameworks */ = {
			isa = PBXFrameworksBuildPhase;
			buildActionMask = 2147483647;
			files = (
			);
			runOnlyForDeploymentPostprocessing = 0;
		};
/* End PBXFrameworksBuildPhase section */

/* Begin PBXGroup section */
		C6C91B842DDF5968003ACE1C = {
			isa = PBXGroup;
			children = (
				C6C91B8F2DDF5968003ACE1C /* JetGas */,
				C6C91BA62DDF596F003ACE1C /* JetGasTests */,
				C6C91BB02DDF596F003ACE1C /* JetGasUITests */,
				C6C91B8E2DDF5968003ACE1C /* Products */,
			);
			sourceTree = "<group>";
		};
		C6C91B8E2DDF5968003ACE1C /* Products */ = {
			isa = PBXGroup;
			children = (
				C6C91B8D2DDF5968003ACE1C /* JetGas.app */,
				C6C91BA32DDF596F003ACE1C /* JetGasTests.xctest */,
				C6C91BAD2DDF596F003ACE1C /* JetGasUITests.xctest */,
			);
			name = Products;
			sourceTree = "<group>";
		};
/* End PBXGroup section */

/* Begin PBXNativeTarget section */
		C6C91B8C2DDF5968003ACE1C /* JetGas */ = {
			isa = PBXNativeTarget;
			buildConfigurationList = C6C91BB62DDF596F003ACE1C /* Build configuration list for PBXNativeTarget "JetGas" */;
			buildPhases = (
				C6C91B892DDF5968003ACE1C /* Sources */,
				C6C91B8A2DDF5968003ACE1C /* Frameworks */,
				C6C91B8B2DDF5968003ACE1C /* Resources */,
			);
			buildRules = (
			);
			dependencies = (
			);
			fileSystemSynchronizedGroups = (
				C6C91B8F2DDF5968003ACE1C /* JetGas */,
			);
			name = JetGas;
			packageProductDependencies = (
			);
			productName = JetGas;
			productReference = C6C91B8D2DDF5968003ACE1C /* JetGas.app */;
			productType = "com.apple.product-type.application";
		};
		C6C91BA22DDF596F003ACE1C /* JetGasTests */ = {
			isa = PBXNativeTarget;
			buildConfigurationList = C6C91BBB2DDF596F003ACE1C /* Build configuration list for PBXNativeTarget "JetGasTests" */;
			buildPhases = (
				C6C91B9F2DDF596F003ACE1C /* Sources */,
				C6C91BA02DDF596F003ACE1C /* Frameworks */,
				C6C91BA12DDF596F003ACE1C /* Resources */,
			);
			buildRules = (
			);
			dependencies = (
				C6C91BA52DDF596F003ACE1C /* PBXTargetDependency */,
			);
			fileSystemSynchronizedGroups = (
				C6C91BA62DDF596F003ACE1C /* JetGasTests */,
			);
			name = JetGasTests;
			packageProductDependencies = (
			);
			productName = JetGasTests;
			productReference = C6C91BA32DDF596F003ACE1C /* JetGasTests.xctest */;
			productType = "com.apple.product-type.bundle.unit-test";
		};
		C6C91BAC2DDF596F003ACE1C /* JetGasUITests */ = {
			isa = PBXNativeTarget;
			buildConfigurationList = C6C91BBE2DDF596F003ACE1C /* Build configuration list for PBXNativeTarget "JetGasUITests" */;
			buildPhases = (
				C6C91BA92DDF596F003ACE1C /* Sources */,
				C6C91BAA2DDF596F003ACE1C /* Frameworks */,
				C6C91BAB2DDF596F003ACE1C /* Resources */,
			);
			buildRules = (
			);
			dependencies = (
				C6C91BAF2DDF596F003ACE1C /* PBXTargetDependency */,
			);
			fileSystemSynchronizedGroups = (
				C6C91BB02DDF596F003ACE1C /* JetGasUITests */,
			);
			name = JetGasUITests;
			packageProductDependencies = (
			);
			productName = JetGasUITests;
			productReference = C6C91BAD2DDF596F003ACE1C /* JetGasUITests.xctest */;
			productType = "com.apple.product-type.bundle.ui-testing";
		};
/* End PBXNativeTarget section */

/* Begin PBXProject section */
		C6C91B852DDF5968003ACE1C /* Project object */ = {
			isa = PBXProject;
			attributes = {
				BuildIndependentTargetsInParallel = 1;
				LastSwiftUpdateCheck = 1630;
				LastUpgradeCheck = 1630;
				TargetAttributes = {
					C6C91B8C2DDF5968003ACE1C = {
						CreatedOnToolsVersion = 16.3;
					};
					C6C91BA22DDF596F003ACE1C = {
						CreatedOnToolsVersion = 16.3;
						TestTargetID = C6C91B8C2DDF5968003ACE1C;
					};
					C6C91BAC2DDF596F003ACE1C = {
						CreatedOnToolsVersion = 16.3;
						TestTargetID = C6C91B8C2DDF5968003ACE1C;
					};
				};
			};
			buildConfigurationList = C6C91B882DDF5968003ACE1C /* Build configuration list for PBXProject "JetGas" */;
			developmentRegion = en;
			hasScannedForEncodings = 0;
			knownRegions = (
				en,
				Base,
			);
			mainGroup = C6C91B842DDF5968003ACE1C;
			minimizedProjectReferenceProxies = 1;
			preferredProjectObjectVersion = 77;
			productRefGroup = C6C91B8E2DDF5968003ACE1C /* Products */;
			projectDirPath = "";
			projectRoot = "";
			targets = (
				C6C91B8C2DDF5968003ACE1C /* JetGas */,
				C6C91BA22DDF596F003ACE1C /* JetGasTests */,
				C6C91BAC2DDF596F003ACE1C /* JetGasUITests */,
			);
		};
/* End PBXProject section */

/* Begin PBXResourcesBuildPhase section */
		C6C91B8B2DDF5968003ACE1C /* Resources */ = {
			isa = PBXResourcesBuildPhase;
			buildActionMask = 2147483647;
			files = (
			);
			runOnlyForDeploymentPostprocessing = 0;
		};
		C6C91BA12DDF596F003ACE1C /* Resources */ = {
			isa = PBXResourcesBuildPhase;
			buildActionMask = 2147483647;
			files = (
			);
			runOnlyForDeploymentPostprocessing = 0;
		};
		C6C91BAB2DDF596F003ACE1C /* Resources */ = {
			isa = PBXResourcesBuildPhase;
			buildActionMask = 2147483647;
			files = (
			);
			runOnlyForDeploymentPostprocessing = 0;
		};
/* End PBXResourcesBuildPhase section */

/* Begin PBXSourcesBuildPhase section */
		C6C91B892DDF5968003ACE1C /* Sources */ = {
			isa = PBXSourcesBuildPhase;
			buildActionMask = 2147483647;
			files = (
			);
			runOnlyForDeploymentPostprocessing = 0;
		};
		C6C91B9F2DDF596F003ACE1C /* Sources */ = {
			isa = PBXSourcesBuildPhase;
			buildActionMask = 2147483647;
			files = (
			);
			runOnlyForDeploymentPostprocessing = 0;
		};
		C6C91BA92DDF596F003ACE1C /* Sources */ = {
			isa = PBXSourcesBuildPhase;
			buildActionMask = 2147483647;
			files = (
			);
			runOnlyForDeploymentPostprocessing = 0;
		};
/* End PBXSourcesBuildPhase section */

/* Begin PBXTargetDependency section */
		C6C91BA52DDF596F003ACE1C /* PBXTargetDependency */ = {
			isa = PBXTargetDependency;
			target = C6C91B8C2DDF5968003ACE1C /* JetGas */;
			targetProxy = C6C91BA42DDF596F003ACE1C /* PBXContainerItemProxy */;
		};
		C6C91BAF2DDF596F003ACE1C /* PBXTargetDependency */ = {
			isa = PBXTargetDependency;
			target = C6C91B8C2DDF5968003ACE1C /* JetGas */;
			targetProxy = C6C91BAE2DDF596F003ACE1C /* PBXContainerItemProxy */;
		};
/* End PBXTargetDependency section */

/* Begin XCBuildConfiguration section */
		C6C91BB72DDF596F003ACE1C /* Debug */ = {
			isa = XCBuildConfiguration;
			buildSettings = {
				ASSETCATALOG_COMPILER_APPICON_NAME = AppIcon;
				ASSETCATALOG_COMPILER_GLOBAL_ACCENT_COLOR_NAME = AccentColor;
				CODE_SIGN_STYLE = Automatic;
				CURRENT_PROJECT_VERSION = 1;
				DEVELOPMENT_TEAM = 423TMTJ6RC;
				GENERATE_INFOPLIST_FILE = YES;
				INFOPLIST_FILE = JetGas/Info.plist;
				INFOPLIST_KEY_UIApplicationSupportsIndirectInputEvents = YES;
				INFOPLIST_KEY_UILaunchStoryboardName = LaunchScreen;
				INFOPLIST_KEY_UIMainStoryboardFile = Main;
				INFOPLIST_KEY_UISupportedInterfaceOrientations_iPad = "UIInterfaceOrientationPortrait UIInterfaceOrientationPortraitUpsideDown UIInterfaceOrientationLandscapeLeft UIInterfaceOrientationLandscapeRight";
				INFOPLIST_KEY_UISupportedInterfaceOrientations_iPhone = "UIInterfaceOrientationPortrait UIInterfaceOrientationLandscapeLeft UIInterfaceOrientationLandscapeRight";
				LD_RUNPATH_SEARCH_PATHS = (
					"$(inherited)",
					"@executable_path/Frameworks",
				);
				MARKETING_VERSION = 1.0;
				PRODUCT_BUNDLE_IDENTIFIER = com.JetGas;
				PRODUCT_NAME = "$(TARGET_NAME)";
				SWIFT_EMIT_LOC_STRINGS = YES;
				SWIFT_VERSION = 5.0;
				TARGETED_DEVICE_FAMILY = "1,2";
			};
			name = Debug;
		};
		C6C91BB82DDF596F003ACE1C /* Release */ = {
			isa = XCBuildConfiguration;
			buildSettings = {
				ASSETCATALOG_COMPILER_APPICON_NAME = AppIcon;
				ASSETCATALOG_COMPILER_GLOBAL_ACCENT_COLOR_NAME = AccentColor;
				CODE_SIGN_STYLE = Automatic;
				CURRENT_PROJECT_VERSION = 1;
				DEVELOPMENT_TEAM = 423TMTJ6RC;
				GENERATE_INFOPLIST_FILE = YES;
				INFOPLIST_FILE = JetGas/Info.plist;
				INFOPLIST_KEY_UIApplicationSupportsIndirectInputEvents = YES;
				INFOPLIST_KEY_UILaunchStoryboardName = LaunchScreen;
				INFOPLIST_KEY_UIMainStoryboardFile = Main;
				INFOPLIST_KEY_UISupportedInterfaceOrientations_iPad = "UIInterfaceOrientationPortrait UIInterfaceOrientationPortraitUpsideDown UIInterfaceOrientationLandscapeLeft UIInterfaceOrientationLandscapeRight";
				INFOPLIST_KEY_UISupportedInterfaceOrientations_iPhone = "UIInterfaceOrientationPortrait UIInterfaceOrientationLandscapeLeft UIInterfaceOrientationLandscapeRight";
				LD_RUNPATH_SEARCH_PATHS = (
					"$(inherited)",
					"@executable_path/Frameworks",
				);
				MARKETING_VERSION = 1.0;
				PRODUCT_BUNDLE_IDENTIFIER = com.JetGas;
				PRODUCT_NAME = "$(TARGET_NAME)";
				SWIFT_EMIT_LOC_STRINGS = YES;
				SWIFT_VERSION = 5.0;
				TARGETED_DEVICE_FAMILY = "1,2";
			};
			name = Release;
		};
		C6C91BB92DDF596F003ACE1C /* Debug */ = {
			isa = XCBuildConfiguration;
			buildSettings = {
				ALWAYS_SEARCH_USER_PATHS = NO;
				ASSETCATALOG_COMPILER_GENERATE_SWIFT_ASSET_SYMBOL_EXTENSIONS = YES;
				CLANG_ANALYZER_NONNULL = YES;
				CLANG_ANALYZER_NUMBER_OBJECT_CONVERSION = YES_AGGRESSIVE;
				CLANG_CXX_LANGUAGE_STANDARD = "gnu++20";
				CLANG_ENABLE_MODULES = YES;
				CLANG_ENABLE_OBJC_ARC = YES;
				CLANG_ENABLE_OBJC_WEAK = YES;
				CLANG_WARN_BLOCK_CAPTURE_AUTORELEASING = YES;
				CLANG_WARN_BOOL_CONVERSION = YES;
				CLANG_WARN_COMMA = YES;
				CLANG_WARN_CONSTANT_CONVERSION = YES;
				CLANG_WARN_DEPRECATED_OBJC_IMPLEMENTATIONS = YES;
				CLANG_WARN_DIRECT_OBJC_ISA_USAGE = YES_ERROR;
				CLANG_WARN_DOCUMENTATION_COMMENTS = YES;
				CLANG_WARN_EMPTY_BODY = YES;
				CLANG_WARN_ENUM_CONVERSION = YES;
				CLANG_WARN_INFINITE_RECURSION = YES;
				CLANG_WARN_INT_CONVERSION = YES;
				CLANG_WARN_NON_LITERAL_NULL_CONVERSION = YES;
				CLANG_WARN_OBJC_IMPLICIT_RETAIN_SELF = YES;
				CLANG_WARN_OBJC_LITERAL_CONVERSION = YES;
				CLANG_WARN_OBJC_ROOT_CLASS = YES_ERROR;
				CLANG_WARN_QUOTED_INCLUDE_IN_FRAMEWORK_HEADER = YES;
				CLANG_WARN_RANGE_LOOP_ANALYSIS = YES;
				CLANG_WARN_STRICT_PROTOTYPES = YES;
				CLANG_WARN_SUSPICIOUS_MOVE = YES;
				CLANG_WARN_UNGUARDED_AVAILABILITY = YES_AGGRESSIVE;
				CLANG_WARN_UNREACHABLE_CODE = YES;
				CLANG_WARN__DUPLICATE_METHOD_MATCH = YES;
				COPY_PHASE_STRIP = NO;
				DEBUG_INFORMATION_FORMAT = dwarf;
				DEVELOPMENT_TEAM = 423TMTJ6RC;
				ENABLE_STRICT_OBJC_MSGSEND = YES;
				ENABLE_TESTABILITY = YES;
				ENABLE_USER_SCRIPT_SANDBOXING = YES;
				GCC_C_LANGUAGE_STANDARD = gnu17;
				GCC_DYNAMIC_NO_PIC = NO;
				GCC_NO_COMMON_BLOCKS = YES;
				GCC_OPTIMIZATION_LEVEL = 0;
				GCC_PREPROCESSOR_DEFINITIONS = (
					"DEBUG=1",
					"$(inherited)",
				);
				GCC_WARN_64_TO_32_BIT_CONVERSION = YES;
				GCC_WARN_ABOUT_RETURN_TYPE = YES_ERROR;
				GCC_WARN_UNDECLARED_SELECTOR = YES;
				GCC_WARN_UNINITIALIZED_AUTOS = YES_AGGRESSIVE;
				GCC_WARN_UNUSED_FUNCTION = YES;
				GCC_WARN_UNUSED_VARIABLE = YES;
				IPHONEOS_DEPLOYMENT_TARGET = 18.4;
				LOCALIZATION_PREFERS_STRING_CATALOGS = YES;
				MTL_ENABLE_DEBUG_INFO = INCLUDE_SOURCE;
				MTL_FAST_MATH = YES;
				ONLY_ACTIVE_ARCH = YES;
				SDKROOT = iphoneos;
				SWIFT_ACTIVE_COMPILATION_CONDITIONS = "DEBUG $(inherited)";
				SWIFT_OPTIMIZATION_LEVEL = "-Onone";
			};
			name = Debug;
		};
		C6C91BBA2DDF596F003ACE1C /* Release */ = {
			isa = XCBuildConfiguration;
			buildSettings = {
				ALWAYS_SEARCH_USER_PATHS = NO;
				ASSETCATALOG_COMPILER_GENERATE_SWIFT_ASSET_SYMBOL_EXTENSIONS = YES;
				CLANG_ANALYZER_NONNULL = YES;
				CLANG_ANALYZER_NUMBER_OBJECT_CONVERSION = YES_AGGRESSIVE;
				CLANG_CXX_LANGUAGE_STANDARD = "gnu++20";
				CLANG_ENABLE_MODULES = YES;
				CLANG_ENABLE_OBJC_ARC = YES;
				CLANG_ENABLE_OBJC_WEAK = YES;
				CLANG_WARN_BLOCK_CAPTURE_AUTORELEASING = YES;
				CLANG_WARN_BOOL_CONVERSION = YES;
				CLANG_WARN_COMMA = YES;
				CLANG_WARN_CONSTANT_CONVERSION = YES;
				CLANG_WARN_DEPRECATED_OBJC_IMPLEMENTATIONS = YES;
				CLANG_WARN_DIRECT_OBJC_ISA_USAGE = YES_ERROR;
				CLANG_WARN_DOCUMENTATION_COMMENTS = YES;
				CLANG_WARN_EMPTY_BODY = YES;
				CLANG_WARN_ENUM_CONVERSION = YES;
				CLANG_WARN_INFINITE_RECURSION = YES;
				CLANG_WARN_INT_CONVERSION = YES;
				CLANG_WARN_NON_LITERAL_NULL_CONVERSION = YES;
				CLANG_WARN_OBJC_IMPLICIT_RETAIN_SELF = YES;
				CLANG_WARN_OBJC_LITERAL_CONVERSION = YES;
				CLANG_WARN_OBJC_ROOT_CLASS = YES_ERROR;
				CLANG_WARN_QUOTED_INCLUDE_IN_FRAMEWORK_HEADER = YES;
				CLANG_WARN_RANGE_LOOP_ANALYSIS = YES;
				CLANG_WARN_STRICT_PROTOTYPES = YES;
				CLANG_WARN_SUSPICIOUS_MOVE = YES;
				CLANG_WARN_UNGUARDED_AVAILABILITY = YES_AGGRESSIVE;
				CLANG_WARN_UNREACHABLE_CODE = YES;
				CLANG_WARN__DUPLICATE_METHOD_MATCH = YES;
				COPY_PHASE_STRIP = NO;
				DEBUG_INFORMATION_FORMAT = "dwarf-with-dsym";
				DEVELOPMENT_TEAM = 423TMTJ6RC;
				ENABLE_NS_ASSERTIONS = NO;
				ENABLE_STRICT_OBJC_MSGSEND = YES;
				ENABLE_USER_SCRIPT_SANDBOXING = YES;
				GCC_C_LANGUAGE_STANDARD = gnu17;
				GCC_NO_COMMON_BLOCKS = YES;
				GCC_WARN_64_TO_32_BIT_CONVERSION = YES;
				GCC_WARN_ABOUT_RETURN_TYPE = YES_ERROR;
				GCC_WARN_UNDECLARED_SELECTOR = YES;
				GCC_WARN_UNINITIALIZED_AUTOS = YES_AGGRESSIVE;
				GCC_WARN_UNUSED_FUNCTION = YES;
				GCC_WARN_UNUSED_VARIABLE = YES;
				IPHONEOS_DEPLOYMENT_TARGET = 18.4;
				LOCALIZATION_PREFERS_STRING_CATALOGS = YES;
				MTL_ENABLE_DEBUG_INFO = NO;
				MTL_FAST_MATH = YES;
				SDKROOT = iphoneos;
				SWIFT_COMPILATION_MODE = wholemodule;
				VALIDATE_PRODUCT = YES;
			};
			name = Release;
		};
		C6C91BBC2DDF596F003ACE1C /* Debug */ = {
			isa = XCBuildConfiguration;
			buildSettings = {
				BUNDLE_LOADER = "$(TEST_HOST)";
				CODE_SIGN_STYLE = Automatic;
				CURRENT_PROJECT_VERSION = 1;
				DEVELOPMENT_TEAM = 423TMTJ6RC;
				GENERATE_INFOPLIST_FILE = YES;
				IPHONEOS_DEPLOYMENT_TARGET = 18.4;
				MARKETING_VERSION = 1.0;
				PRODUCT_BUNDLE_IDENTIFIER = com.JetGasTests;
				PRODUCT_NAME = "$(TARGET_NAME)";
				SWIFT_EMIT_LOC_STRINGS = NO;
				SWIFT_VERSION = 5.0;
				TARGETED_DEVICE_FAMILY = "1,2";
				TEST_HOST = "$(BUILT_PRODUCTS_DIR)/JetGas.app/$(BUNDLE_EXECUTABLE_FOLDER_PATH)/JetGas";
			};
			name = Debug;
		};
		C6C91BBD2DDF596F003ACE1C /* Release */ = {
			isa = XCBuildConfiguration;
			buildSettings = {
				BUNDLE_LOADER = "$(TEST_HOST)";
				CODE_SIGN_STYLE = Automatic;
				CURRENT_PROJECT_VERSION = 1;
				DEVELOPMENT_TEAM = 423TMTJ6RC;
				GENERATE_INFOPLIST_FILE = YES;
				IPHONEOS_DEPLOYMENT_TARGET = 18.4;
				MARKETING_VERSION = 1.0;
				PRODUCT_BUNDLE_IDENTIFIER = com.JetGasTests;
				PRODUCT_NAME = "$(TARGET_NAME)";
				SWIFT_EMIT_LOC_STRINGS = NO;
				SWIFT_VERSION = 5.0;
				TARGETED_DEVICE_FAMILY = "1,2";
				TEST_HOST = "$(BUILT_PRODUCTS_DIR)/JetGas.app/$(BUNDLE_EXECUTABLE_FOLDER_PATH)/JetGas";
			};
			name = Release;
		};
		C6C91BBF2DDF596F003ACE1C /* Debug */ = {
			isa = XCBuildConfiguration;
			buildSettings = {
				CODE_SIGN_STYLE = Automatic;
				CURRENT_PROJECT_VERSION = 1;
				DEVELOPMENT_TEAM = 423TMTJ6RC;
				GENERATE_INFOPLIST_FILE = YES;
				MARKETING_VERSION = 1.0;
				PRODUCT_BUNDLE_IDENTIFIER = com.JetGasUITests;
				PRODUCT_NAME = "$(TARGET_NAME)";
				SWIFT_EMIT_LOC_STRINGS = NO;
				SWIFT_VERSION = 5.0;
				TARGETED_DEVICE_FAMILY = "1,2";
				TEST_TARGET_NAME = JetGas;
			};
			name = Debug;
		};
		C6C91BC02DDF596F003ACE1C /* Release */ = {
			isa = XCBuildConfiguration;
			buildSettings = {
				CODE_SIGN_STYLE = Automatic;
				CURRENT_PROJECT_VERSION = 1;
				DEVELOPMENT_TEAM = 423TMTJ6RC;
				GENERATE_INFOPLIST_FILE = YES;
				MARKETING_VERSION = 1.0;
				PRODUCT_BUNDLE_IDENTIFIER = com.JetGasUITests;
				PRODUCT_NAME = "$(TARGET_NAME)";
				SWIFT_EMIT_LOC_STRINGS = NO;
				SWIFT_VERSION = 5.0;
				TARGETED_DEVICE_FAMILY = "1,2";
				TEST_TARGET_NAME = JetGas;
			};
			name = Release;
		};
/* End XCBuildConfiguration section */

/* Begin XCConfigurationList section */
		C6C91B882DDF5968003ACE1C /* Build configuration list for PBXProject "JetGas" */ = {
			isa = XCConfigurationList;
			buildConfigurations = (
				C6C91BB92DDF596F003ACE1C /* Debug */,
				C6C91BBA2DDF596F003ACE1C /* Release */,
			);
			defaultConfigurationIsVisible = 0;
			defaultConfigurationName = Release;
		};
		C6C91BB62DDF596F003ACE1C /* Build configuration list for PBXNativeTarget "JetGas" */ = {
			isa = XCConfigurationList;
			buildConfigurations = (
				C6C91BB72DDF596F003ACE1C /* Debug */,
				C6C91BB82DDF596F003ACE1C /* Release */,
			);
			defaultConfigurationIsVisible = 0;
			defaultConfigurationName = Release;
		};
		C6C91BBB2DDF596F003ACE1C /* Build configuration list for PBXNativeTarget "JetGasTests" */ = {
			isa = XCConfigurationList;
			buildConfigurations = (
				C6C91BBC2DDF596F003ACE1C /* Debug */,
				C6C91BBD2DDF596F003ACE1C /* Release */,
			);
			defaultConfigurationIsVisible = 0;
			defaultConfigurationName = Release;
		};
		C6C91BBE2DDF596F003ACE1C /* Build configuration list for PBXNativeTarget "JetGasUITests" */ = {
			isa = XCConfigurationList;
			buildConfigurations = (
				C6C91BBF2DDF596F003ACE1C /* Debug */,
				C6C91BC02DDF596F003ACE1C /* Release */,
			);
			defaultConfigurationIsVisible = 0;
			defaultConfigurationName = Release;
		};
/* End XCConfigurationList section */
	};
	rootObject = C6C91B852DDF5968003ACE1C /* Project object */;
}
